
Microsoft Visual Studio Solution File, Format Version 12.00
# Visual Studio 15
VisualStudioVersion = 15.0.28010.2041
MinimumVisualStudioVersion = 10.0.40219.1
Project("{FAE04EC0-301F-11D3-BF4B-00C04F79EFBC}") = "rabbitmqSend", "rabbitmq\rabbitmqSend.csproj", "{62A48FA9-CECE-4F48-B102-B0EB4E2D8820}"
EndProject
Project("{FAE04EC0-301F-11D3-BF4B-00C04F79EFBC}") = "GetMQ", "GetMQ\GetMQ.csproj", "{66937513-99CD-4A7F-8824-2715D246705B}"
EndProject
Project("{FAE04EC0-301F-11D3-BF4B-00C04F79EFBC}") = "GetMq2", "GetMq2\GetMq2.csproj", "{913ACE90-6888-442A-B0CE-055C00BA1370}"
EndProject
Global
	GlobalSection(SolutionConfigurationPlatforms) = preSolution
		Debug|Any CPU = Debug|Any CPU
		Release|Any CPU = Release|Any CPU
	EndGlobalSection
	GlobalSection(ProjectConfigurationPlatforms) = postSolution
		{62A48FA9-CECE-4F48-B102-B0EB4E2D8820}.Debug|Any CPU.ActiveCfg = Debug|Any CPU
		{62A48FA9-CECE-4F48-B102-B0EB4E2D8820}.Debug|Any CPU.Build.0 = Debug|Any CPU
		{62A48FA9-CECE-4F48-B102-B0EB4E2D8820}.Release|Any CPU.ActiveCfg = Release|Any CPU
		{62A48FA9-CECE-4F48-B102-B0EB4E2D8820}.Release|Any CPU.Build.0 = Release|Any CPU
		{66937513-99CD-4A7F-8824-2715D246705B}.Debug|Any CPU.ActiveCfg = Debug|Any CPU
		{66937513-99CD-4A7F-8824-2715D246705B}.Debug|Any CPU.Build.0 = Debug|Any CPU
		{66937513-99CD-4A7F-8824-2715D246705B}.Release|Any CPU.ActiveCfg = Release|Any CPU
		{66937513-99CD-4A7F-8824-2715D246705B}.Release|Any CPU.Build.0 = Release|Any CPU
		{913ACE90-6888-442A-B0CE-055C00BA1370}.Debug|Any CPU.ActiveCfg = Debug|Any CPU
		{913ACE90-6888-442A-B0CE-055C00BA1370}.Debug|Any CPU.Build.0 = Debug|Any CPU
		{913ACE90-6888-442A-B0CE-055C00BA1370}.Release|Any CPU.ActiveCfg = Release|Any CPU
		{913ACE90-6888-442A-B0CE-055C00BA1370}.Release|Any CPU.Build.0 = Release|Any CPU
	EndGlobalSection
	GlobalSection(SolutionProperties) = preSolution
		HideSolutionNode = FALSE
	EndGlobalSection
	GlobalSection(ExtensibilityGlobals) = postSolution
		VisualSVNWorkingCopyRoot = .
		SolutionGuid = {0795630B-A25D-4169-8BBC-FEAABB0E7501}
	EndGlobalSection
EndGlobal
